// !$*UTF8*$!
{
	archiveVersion = 1;
	classes = {
	};
	objectVersion = 56;
	objects = {

/* Begin PBXBuildFile section */
		3705618D29E9A693007AAB57 /* TouchdownApp.swift in Sources */ = {isa = PBXBuildFile; fileRef = 3705618C29E9A693007AAB57 /* TouchdownApp.swift */; };
		3705618F29E9A693007AAB57 /* ContentView.swift in Sources */ = {isa = PBXBuildFile; fileRef = 3705618E29E9A693007AAB57 /* ContentView.swift */; };
		3705619129E9A694007AAB57 /* Assets.xcassets in Resources */ = {isa = PBXBuildFile; fileRef = 3705619029E9A694007AAB57 /* Assets.xcassets */; };
		3705619429E9A694007AAB57 /* Preview Assets.xcassets in Resources */ = {isa = PBXBuildFile; fileRef = 3705619329E9A694007AAB57 /* Preview Assets.xcassets */; };
		3705619E29E9A7A6007AAB57 /* product.json in Resources */ = {isa = PBXBuildFile; fileRef = 3705619A29E9A7A6007AAB57 /* product.json */; };
		3705619F29E9A7A6007AAB57 /* player.json in Resources */ = {isa = PBXBuildFile; fileRef = 3705619B29E9A7A6007AAB57 /* player.json */; };
		370561A029E9A7A6007AAB57 /* brand.json in Resources */ = {isa = PBXBuildFile; fileRef = 3705619C29E9A7A6007AAB57 /* brand.json */; };
		370561A129E9A7A6007AAB57 /* category.json in Resources */ = {isa = PBXBuildFile; fileRef = 3705619D29E9A7A6007AAB57 /* category.json */; };
		370561AC29E9A8CF007AAB57 /* Constant.swift in Sources */ = {isa = PBXBuildFile; fileRef = 370561AB29E9A8CF007AAB57 /* Constant.swift */; };
		370561AE29E9A96F007AAB57 /* FooterView.swift in Sources */ = {isa = PBXBuildFile; fileRef = 370561AD29E9A96F007AAB57 /* FooterView.swift */; };
		370561B029EA82B8007AAB57 /* NavigationBarView.swift in Sources */ = {isa = PBXBuildFile; fileRef = 370561AF29EA82B8007AAB57 /* NavigationBarView.swift */; };
		370561B229EA83AD007AAB57 /* LogoView.swift in Sources */ = {isa = PBXBuildFile; fileRef = 370561B129EA83AD007AAB57 /* LogoView.swift */; };
		3744E5D429EBAE4800EFCE27 /* CategoryModel.swift in Sources */ = {isa = PBXBuildFile; fileRef = 3744E5D329EBAE4800EFCE27 /* CategoryModel.swift */; };
		3744E5D629EBAEFC00EFCE27 /* CategoryItemView.swift in Sources */ = {isa = PBXBuildFile; fileRef = 3744E5D529EBAEFC00EFCE27 /* CategoryItemView.swift */; };
		3744E5D829EBAFE900EFCE27 /* CategoryGridView.swift in Sources */ = {isa = PBXBuildFile; fileRef = 3744E5D729EBAFE900EFCE27 /* CategoryGridView.swift */; };
		3744E5DA29EBD91E00EFCE27 /* SectionView.swift in Sources */ = {isa = PBXBuildFile; fileRef = 3744E5D929EBD91E00EFCE27 /* SectionView.swift */; };
		3744E5DC29ECE2A800EFCE27 /* TitleView.swift in Sources */ = {isa = PBXBuildFile; fileRef = 3744E5DB29ECE2A800EFCE27 /* TitleView.swift */; };
		3744E5DE29ECE3B300EFCE27 /* ProductModel.swift in Sources */ = {isa = PBXBuildFile; fileRef = 3744E5DD29ECE3B300EFCE27 /* ProductModel.swift */; };
		3744E5E029ECE42700EFCE27 /* ProductItemView.swift in Sources */ = {isa = PBXBuildFile; fileRef = 3744E5DF29ECE42700EFCE27 /* ProductItemView.swift */; };
		3794336629EB863800A75054 /* PlayerModel.swift in Sources */ = {isa = PBXBuildFile; fileRef = 3794336529EB863800A75054 /* PlayerModel.swift */; };
		3794336829EB866F00A75054 /* CodableBundleExtension.swift in Sources */ = {isa = PBXBuildFile; fileRef = 3794336729EB866F00A75054 /* CodableBundleExtension.swift */; };
		3794336A29EB89DA00A75054 /* FeaturedItemView.swift in Sources */ = {isa = PBXBuildFile; fileRef = 3794336929EB89DA00A75054 /* FeaturedItemView.swift */; };
		3794336C29EB8A4A00A75054 /* FeaturedTabView.swift in Sources */ = {isa = PBXBuildFile; fileRef = 3794336B29EB8A4A00A75054 /* FeaturedTabView.swift */; };
/* End PBXBuildFile section */

/* Begin PBXFileReference section */
		3705618929E9A693007AAB57 /* Touchdown.app */ = {isa = PBXFileReference; explicitFileType = wrapper.application; includeInIndex = 0; path = Touchdown.app; sourceTree = BUILT_PRODUCTS_DIR; };
		3705618C29E9A693007AAB57 /* TouchdownApp.swift */ = {isa = PBXFileReference; lastKnownFileType = sourcecode.swift; path = TouchdownApp.swift; sourceTree = "<group>"; };
		3705618E29E9A693007AAB57 /* ContentView.swift */ = {isa = PBXFileReference; lastKnownFileType = sourcecode.swift; path = ContentView.swift; sourceTree = "<group>"; };
		3705619029E9A694007AAB57 /* Assets.xcassets */ = {isa = PBXFileReference; lastKnownFileType = folder.assetcatalog; path = Assets.xcassets; sourceTree = "<group>"; };
		3705619329E9A694007AAB57 /* Preview Assets.xcassets */ = {isa = PBXFileReference; lastKnownFileType = folder.assetcatalog; path = "Preview Assets.xcassets"; sourceTree = "<group>"; };
		3705619A29E9A7A6007AAB57 /* product.json */ = {isa = PBXFileReference; fileEncoding = 4; lastKnownFileType = text.json; path = product.json; sourceTree = "<group>"; };
		3705619B29E9A7A6007AAB57 /* player.json */ = {isa = PBXFileReference; fileEncoding = 4; lastKnownFileType = text.json; path = player.json; sourceTree = "<group>"; };
		3705619C29E9A7A6007AAB57 /* brand.json */ = {isa = PBXFileReference; fileEncoding = 4; lastKnownFileType = text.json; path = brand.json; sourceTree = "<group>"; };
		3705619D29E9A7A6007AAB57 /* category.json */ = {isa = PBXFileReference; fileEncoding = 4; lastKnownFileType = text.json; path = category.json; sourceTree = "<group>"; };
		370561A329E9A7FB007AAB57 /* Info.plist */ = {isa = PBXFileReference; lastKnownFileType = text.plist; path = Info.plist; sourceTree = "<group>"; };
		370561AB29E9A8CF007AAB57 /* Constant.swift */ = {isa = PBXFileReference; lastKnownFileType = sourcecode.swift; path = Constant.swift; sourceTree = "<group>"; };
		370561AD29E9A96F007AAB57 /* FooterView.swift */ = {isa = PBXFileReference; lastKnownFileType = sourcecode.swift; path = FooterView.swift; sourceTree = "<group>"; };
		370561AF29EA82B8007AAB57 /* NavigationBarView.swift */ = {isa = PBXFileReference; lastKnownFileType = sourcecode.swift; path = NavigationBarView.swift; sourceTree = "<group>"; };
		370561B129EA83AD007AAB57 /* LogoView.swift */ = {isa = PBXFileReference; lastKnownFileType = sourcecode.swift; path = LogoView.swift; sourceTree = "<group>"; };
		3744E5D329EBAE4800EFCE27 /* CategoryModel.swift */ = {isa = PBXFileReference; lastKnownFileType = sourcecode.swift; path = CategoryModel.swift; sourceTree = "<group>"; };
		3744E5D529EBAEFC00EFCE27 /* CategoryItemView.swift */ = {isa = PBXFileReference; lastKnownFileType = sourcecode.swift; path = CategoryItemView.swift; sourceTree = "<group>"; };
		3744E5D729EBAFE900EFCE27 /* CategoryGridView.swift */ = {isa = PBXFileReference; lastKnownFileType = sourcecode.swift; path = CategoryGridView.swift; sourceTree = "<group>"; };
		3744E5D929EBD91E00EFCE27 /* SectionView.swift */ = {isa = PBXFileReference; lastKnownFileType = sourcecode.swift; path = SectionView.swift; sourceTree = "<group>"; };
		3744E5DB29ECE2A800EFCE27 /* TitleView.swift */ = {isa = PBXFileReference; lastKnownFileType = sourcecode.swift; path = TitleView.swift; sourceTree = "<group>"; };
		3744E5DD29ECE3B300EFCE27 /* ProductModel.swift */ = {isa = PBXFileReference; lastKnownFileType = sourcecode.swift; path = ProductModel.swift; sourceTree = "<group>"; };
		3744E5DF29ECE42700EFCE27 /* ProductItemView.swift */ = {isa = PBXFileReference; lastKnownFileType = sourcecode.swift; path = ProductItemView.swift; sourceTree = "<group>"; };
		3794336529EB863800A75054 /* PlayerModel.swift */ = {isa = PBXFileReference; lastKnownFileType = sourcecode.swift; path = PlayerModel.swift; sourceTree = "<group>"; };
		3794336729EB866F00A75054 /* CodableBundleExtension.swift */ = {isa = PBXFileReference; lastKnownFileType = sourcecode.swift; path = CodableBundleExtension.swift; sourceTree = "<group>"; };
		3794336929EB89DA00A75054 /* FeaturedItemView.swift */ = {isa = PBXFileReference; lastKnownFileType = sourcecode.swift; path = FeaturedItemView.swift; sourceTree = "<group>"; };
		3794336B29EB8A4A00A75054 /* FeaturedTabView.swift */ = {isa = PBXFileReference; lastKnownFileType = sourcecode.swift; path = FeaturedTabView.swift; sourceTree = "<group>"; };
/* End PBXFileReference section */

/* Begin PBXFrameworksBuildPhase section */
		3705618629E9A693007AAB57 /* Frameworks */ = {
			isa = PBXFrameworksBuildPhase;
			buildActionMask = 2147483647;
			files = (
			);
			runOnlyForDeploymentPostprocessing = 0;
		};
/* End PBXFrameworksBuildPhase section */

/* Begin PBXGroup section */
		3705618029E9A693007AAB57 = {
			isa = PBXGroup;
			children = (
				3705618B29E9A693007AAB57 /* Touchdown */,
				3705618A29E9A693007AAB57 /* Products */,
			);
			sourceTree = "<group>";
		};
		3705618A29E9A693007AAB57 /* Products */ = {
			isa = PBXGroup;
			children = (
				3705618929E9A693007AAB57 /* Touchdown.app */,
			);
			name = Products;
			sourceTree = "<group>";
		};
		3705618B29E9A693007AAB57 /* Touchdown */ = {
			isa = PBXGroup;
			children = (
				370561A429E9A868007AAB57 /* App */,
				370561A929E9A884007AAB57 /* Extension */,
				370561A829E9A87F007AAB57 /* Model */,
				370561A529E9A86F007AAB57 /* View */,
				370561A329E9A7FB007AAB57 /* Info.plist */,
				370561A229E9A7BB007AAB57 /* Data */,
				370561AA29E9A88A007AAB57 /* Utility */,
				3705619029E9A694007AAB57 /* Assets.xcassets */,
				3705619229E9A694007AAB57 /* Preview Content */,
			);
			path = Touchdown;
			sourceTree = "<group>";
		};
		3705619229E9A694007AAB57 /* Preview Content */ = {
			isa = PBXGroup;
			children = (
				3705619329E9A694007AAB57 /* Preview Assets.xcassets */,
			);
			path = "Preview Content";
			sourceTree = "<group>";
		};
		370561A229E9A7BB007AAB57 /* Data */ = {
			isa = PBXGroup;
			children = (
				3705619C29E9A7A6007AAB57 /* brand.json */,
				3705619D29E9A7A6007AAB57 /* category.json */,
				3705619B29E9A7A6007AAB57 /* player.json */,
				3705619A29E9A7A6007AAB57 /* product.json */,
			);
			path = Data;
			sourceTree = "<group>";
		};
		370561A429E9A868007AAB57 /* App */ = {
			isa = PBXGroup;
			children = (
				3705618C29E9A693007AAB57 /* TouchdownApp.swift */,
				3705618E29E9A693007AAB57 /* ContentView.swift */,
			);
			path = App;
			sourceTree = "<group>";
		};
		370561A529E9A86F007AAB57 /* View */ = {
			isa = PBXGroup;
			children = (
				370561A629E9A875007AAB57 /* Home */,
				370561A729E9A87A007AAB57 /* Detail */,
			);
			path = View;
			sourceTree = "<group>";
		};
		370561A629E9A875007AAB57 /* Home */ = {
			isa = PBXGroup;
			children = (
				370561AD29E9A96F007AAB57 /* FooterView.swift */,
				370561AF29EA82B8007AAB57 /* NavigationBarView.swift */,
				370561B129EA83AD007AAB57 /* LogoView.swift */,
				3794336929EB89DA00A75054 /* FeaturedItemView.swift */,
				3794336B29EB8A4A00A75054 /* FeaturedTabView.swift */,
				3744E5D529EBAEFC00EFCE27 /* CategoryItemView.swift */,
				3744E5D729EBAFE900EFCE27 /* CategoryGridView.swift */,
				3744E5D929EBD91E00EFCE27 /* SectionView.swift */,
				3744E5DB29ECE2A800EFCE27 /* TitleView.swift */,
				3744E5DF29ECE42700EFCE27 /* ProductItemView.swift */,
			);
			path = Home;
			sourceTree = "<group>";
		};
		370561A729E9A87A007AAB57 /* Detail */ = {
			isa = PBXGroup;
			children = (
			);
			path = Detail;
			sourceTree = "<group>";
		};
		370561A829E9A87F007AAB57 /* Model */ = {
			isa = PBXGroup;
			children = (
				3794336529EB863800A75054 /* PlayerModel.swift */,
				3744E5D329EBAE4800EFCE27 /* CategoryModel.swift */,
				3744E5DD29ECE3B300EFCE27 /* ProductModel.swift */,
			);
			path = Model;
			sourceTree = "<group>";
		};
		370561A929E9A884007AAB57 /* Extension */ = {
			isa = PBXGroup;
			children = (
				3794336729EB866F00A75054 /* CodableBundleExtension.swift */,
			);
			path = Extension;
			sourceTree = "<group>";
		};
		370561AA29E9A88A007AAB57 /* Utility */ = {
			isa = PBXGroup;
			children = (
				370561AB29E9A8CF007AAB57 /* Constant.swift */,
			);
			path = Utility;
			sourceTree = "<group>";
		};
/* End PBXGroup section */

/* Begin PBXNativeTarget section */
		3705618829E9A693007AAB57 /* Touchdown */ = {
			isa = PBXNativeTarget;
			buildConfigurationList = 3705619729E9A694007AAB57 /* Build configuration list for PBXNativeTarget "Touchdown" */;
			buildPhases = (
				3705618529E9A693007AAB57 /* Sources */,
				3705618629E9A693007AAB57 /* Frameworks */,
				3705618729E9A693007AAB57 /* Resources */,
			);
			buildRules = (
			);
			dependencies = (
			);
			name = Touchdown;
			productName = Touchdown;
			productReference = 3705618929E9A693007AAB57 /* Touchdown.app */;
			productType = "com.apple.product-type.application";
		};
/* End PBXNativeTarget section */

/* Begin PBXProject section */
		3705618129E9A693007AAB57 /* Project object */ = {
			isa = PBXProject;
			attributes = {
				BuildIndependentTargetsInParallel = 1;
				LastSwiftUpdateCheck = 1420;
				LastUpgradeCheck = 1420;
				TargetAttributes = {
					3705618829E9A693007AAB57 = {
						CreatedOnToolsVersion = 14.2;
					};
				};
			};
			buildConfigurationList = 3705618429E9A693007AAB57 /* Build configuration list for PBXProject "Touchdown" */;
			compatibilityVersion = "Xcode 14.0";
			developmentRegion = en;
			hasScannedForEncodings = 0;
			knownRegions = (
				en,
				Base,
			);
			mainGroup = 3705618029E9A693007AAB57;
			productRefGroup = 3705618A29E9A693007AAB57 /* Products */;
			projectDirPath = "";
			projectRoot = "";
			targets = (
				3705618829E9A693007AAB57 /* Touchdown */,
			);
		};
/* End PBXProject section */

/* Begin PBXResourcesBuildPhase section */
		3705618729E9A693007AAB57 /* Resources */ = {
			isa = PBXResourcesBuildPhase;
			buildActionMask = 2147483647;
			files = (
				3705619F29E9A7A6007AAB57 /* player.json in Resources */,
				370561A029E9A7A6007AAB57 /* brand.json in Resources */,
				3705619429E9A694007AAB57 /* Preview Assets.xcassets in Resources */,
				370561A129E9A7A6007AAB57 /* category.json in Resources */,
				3705619129E9A694007AAB57 /* Assets.xcassets in Resources */,
				3705619E29E9A7A6007AAB57 /* product.json in Resources */,
			);
			runOnlyForDeploymentPostprocessing = 0;
		};
/* End PBXResourcesBuildPhase section */

/* Begin PBXSourcesBuildPhase section */
		3705618529E9A693007AAB57 /* Sources */ = {
			isa = PBXSourcesBuildPhase;
			buildActionMask = 2147483647;
			files = (
				3794336829EB866F00A75054 /* CodableBundleExtension.swift in Sources */,
				3705618F29E9A693007AAB57 /* ContentView.swift in Sources */,
				370561B229EA83AD007AAB57 /* LogoView.swift in Sources */,
				370561AE29E9A96F007AAB57 /* FooterView.swift in Sources */,
				3794336A29EB89DA00A75054 /* FeaturedItemView.swift in Sources */,
				3744E5E029ECE42700EFCE27 /* ProductItemView.swift in Sources */,
				3705618D29E9A693007AAB57 /* TouchdownApp.swift in Sources */,
				370561AC29E9A8CF007AAB57 /* Constant.swift in Sources */,
				3744E5D829EBAFE900EFCE27 /* CategoryGridView.swift in Sources */,
				3744E5D429EBAE4800EFCE27 /* CategoryModel.swift in Sources */,
				370561B029EA82B8007AAB57 /* NavigationBarView.swift in Sources */,
				3744E5DA29EBD91E00EFCE27 /* SectionView.swift in Sources */,
				3744E5D629EBAEFC00EFCE27 /* CategoryItemView.swift in Sources */,
				3794336C29EB8A4A00A75054 /* FeaturedTabView.swift in Sources */,
				3794336629EB863800A75054 /* PlayerModel.swift in Sources */,
				3744E5DC29ECE2A800EFCE27 /* TitleView.swift in Sources */,
				3744E5DE29ECE3B300EFCE27 /* ProductModel.swift in Sources */,
			);
			runOnlyForDeploymentPostprocessing = 0;
		};
/* End PBXSourcesBuildPhase section */

/* Begin XCBuildConfiguration section */
		3705619529E9A694007AAB57 /* Debug */ = {
			isa = XCBuildConfiguration;
			buildSettings = {
				ALWAYS_SEARCH_USER_PATHS = NO;
				CLANG_ANALYZER_NONNULL = YES;
				CLANG_ANALYZER_NUMBER_OBJECT_CONVERSION = YES_AGGRESSIVE;
				CLANG_CXX_LANGUAGE_STANDARD = "gnu++20";
				CLANG_ENABLE_MODULES = YES;
				CLANG_ENABLE_OBJC_ARC = YES;
				CLANG_ENABLE_OBJC_WEAK = YES;
				CLANG_WARN_BLOCK_CAPTURE_AUTORELEASING = YES;
				CLANG_WARN_BOOL_CONVERSION = YES;
				CLANG_WARN_COMMA = YES;
				CLANG_WARN_CONSTANT_CONVERSION = YES;
				CLANG_WARN_DEPRECATED_OBJC_IMPLEMENTATIONS = YES;
				CLANG_WARN_DIRECT_OBJC_ISA_USAGE = YES_ERROR;
				CLANG_WARN_DOCUMENTATION_COMMENTS = YES;
				CLANG_WARN_EMPTY_BODY = YES;
				CLANG_WARN_ENUM_CONVERSION = YES;
				CLANG_WARN_INFINITE_RECURSION = YES;
				CLANG_WARN_INT_CONVERSION = YES;
				CLANG_WARN_NON_LITERAL_NULL_CONVERSION = YES;
				CLANG_WARN_OBJC_IMPLICIT_RETAIN_SELF = YES;
				CLANG_WARN_OBJC_LITERAL_CONVERSION = YES;
				CLANG_WARN_OBJC_ROOT_CLASS = YES_ERROR;
				CLANG_WARN_QUOTED_INCLUDE_IN_FRAMEWORK_HEADER = YES;
				CLANG_WARN_RANGE_LOOP_ANALYSIS = YES;
				CLANG_WARN_STRICT_PROTOTYPES = YES;
				CLANG_WARN_SUSPICIOUS_MOVE = YES;
				CLANG_WARN_UNGUARDED_AVAILABILITY = YES_AGGRESSIVE;
				CLANG_WARN_UNREACHABLE_CODE = YES;
				CLANG_WARN__DUPLICATE_METHOD_MATCH = YES;
				COPY_PHASE_STRIP = NO;
				DEBUG_INFORMATION_FORMAT = dwarf;
				ENABLE_STRICT_OBJC_MSGSEND = YES;
				ENABLE_TESTABILITY = YES;
				GCC_C_LANGUAGE_STANDARD = gnu11;
				GCC_DYNAMIC_NO_PIC = NO;
				GCC_NO_COMMON_BLOCKS = YES;
				GCC_OPTIMIZATION_LEVEL = 0;
				GCC_PREPROCESSOR_DEFINITIONS = (
					"DEBUG=1",
					"$(inherited)",
				);
				GCC_WARN_64_TO_32_BIT_CONVERSION = YES;
				GCC_WARN_ABOUT_RETURN_TYPE = YES_ERROR;
				GCC_WARN_UNDECLARED_SELECTOR = YES;
				GCC_WARN_UNINITIALIZED_AUTOS = YES_AGGRESSIVE;
				GCC_WARN_UNUSED_FUNCTION = YES;
				GCC_WARN_UNUSED_VARIABLE = YES;
				IPHONEOS_DEPLOYMENT_TARGET = 16.2;
				MTL_ENABLE_DEBUG_INFO = INCLUDE_SOURCE;
				MTL_FAST_MATH = YES;
				ONLY_ACTIVE_ARCH = YES;
				SDKROOT = iphoneos;
				SWIFT_ACTIVE_COMPILATION_CONDITIONS = DEBUG;
				SWIFT_OPTIMIZATION_LEVEL = "-Onone";
			};
			name = Debug;
		};
		3705619629E9A694007AAB57 /* Release */ = {
			isa = XCBuildConfiguration;
			buildSettings = {
				ALWAYS_SEARCH_USER_PATHS = NO;
				CLANG_ANALYZER_NONNULL = YES;
				CLANG_ANALYZER_NUMBER_OBJECT_CONVERSION = YES_AGGRESSIVE;
				CLANG_CXX_LANGUAGE_STANDARD = "gnu++20";
				CLANG_ENABLE_MODULES = YES;
				CLANG_ENABLE_OBJC_ARC = YES;
				CLANG_ENABLE_OBJC_WEAK = YES;
				CLANG_WARN_BLOCK_CAPTURE_AUTORELEASING = YES;
				CLANG_WARN_BOOL_CONVERSION = YES;
				CLANG_WARN_COMMA = YES;
				CLANG_WARN_CONSTANT_CONVERSION = YES;
				CLANG_WARN_DEPRECATED_OBJC_IMPLEMENTATIONS = YES;
				CLANG_WARN_DIRECT_OBJC_ISA_USAGE = YES_ERROR;
				CLANG_WARN_DOCUMENTATION_COMMENTS = YES;
				CLANG_WARN_EMPTY_BODY = YES;
				CLANG_WARN_ENUM_CONVERSION = YES;
				CLANG_WARN_INFINITE_RECURSION = YES;
				CLANG_WARN_INT_CONVERSION = YES;
				CLANG_WARN_NON_LITERAL_NULL_CONVERSION = YES;
				CLANG_WARN_OBJC_IMPLICIT_RETAIN_SELF = YES;
				CLANG_WARN_OBJC_LITERAL_CONVERSION = YES;
				CLANG_WARN_OBJC_ROOT_CLASS = YES_ERROR;
				CLANG_WARN_QUOTED_INCLUDE_IN_FRAMEWORK_HEADER = YES;
				CLANG_WARN_RANGE_LOOP_ANALYSIS = YES;
				CLANG_WARN_STRICT_PROTOTYPES = YES;
				CLANG_WARN_SUSPICIOUS_MOVE = YES;
				CLANG_WARN_UNGUARDED_AVAILABILITY = YES_AGGRESSIVE;
				CLANG_WARN_UNREACHABLE_CODE = YES;
				CLANG_WARN__DUPLICATE_METHOD_MATCH = YES;
				COPY_PHASE_STRIP = NO;
				DEBUG_INFORMATION_FORMAT = "dwarf-with-dsym";
				ENABLE_NS_ASSERTIONS = NO;
				ENABLE_STRICT_OBJC_MSGSEND = YES;
				GCC_C_LANGUAGE_STANDARD = gnu11;
				GCC_NO_COMMON_BLOCKS = YES;
				GCC_WARN_64_TO_32_BIT_CONVERSION = YES;
				GCC_WARN_ABOUT_RETURN_TYPE = YES_ERROR;
				GCC_WARN_UNDECLARED_SELECTOR = YES;
				GCC_WARN_UNINITIALIZED_AUTOS = YES_AGGRESSIVE;
				GCC_WARN_UNUSED_FUNCTION = YES;
				GCC_WARN_UNUSED_VARIABLE = YES;
				IPHONEOS_DEPLOYMENT_TARGET = 16.2;
				MTL_ENABLE_DEBUG_INFO = NO;
				MTL_FAST_MATH = YES;
				SDKROOT = iphoneos;
				SWIFT_COMPILATION_MODE = wholemodule;
				SWIFT_OPTIMIZATION_LEVEL = "-O";
				VALIDATE_PRODUCT = YES;
			};
			name = Release;
		};
		3705619829E9A694007AAB57 /* Debug */ = {
			isa = XCBuildConfiguration;
			buildSettings = {
				ASSETCATALOG_COMPILER_APPICON_NAME = AppIcon;
				ASSETCATALOG_COMPILER_GLOBAL_ACCENT_COLOR_NAME = AccentColor;
				CODE_SIGN_STYLE = Automatic;
				CURRENT_PROJECT_VERSION = 1;
				DEVELOPMENT_ASSET_PATHS = "\"Touchdown/Preview Content\"";
				DEVELOPMENT_TEAM = 6R5M5V2582;
				ENABLE_PREVIEWS = YES;
				GENERATE_INFOPLIST_FILE = YES;
				INFOPLIST_FILE = Touchdown/Info.plist;
				INFOPLIST_KEY_UIApplicationSceneManifest_Generation = YES;
				INFOPLIST_KEY_UIApplicationSupportsIndirectInputEvents = YES;
				INFOPLIST_KEY_UISupportedInterfaceOrientations = UIInterfaceOrientationPortrait;
				INFOPLIST_KEY_UISupportedInterfaceOrientations_iPad = "UIInterfaceOrientationLandscapeLeft UIInterfaceOrientationLandscapeRight UIInterfaceOrientationPortrait UIInterfaceOrientationPortraitUpsideDown";
				INFOPLIST_KEY_UIUserInterfaceStyle = Light;
				LD_RUNPATH_SEARCH_PATHS = (
					"$(inherited)",
					"@executable_path/Frameworks",
				);
				MARKETING_VERSION = 1.0;
				PRODUCT_BUNDLE_IDENTIFIER = com.rifqimuhammadaziz.Touchdown;
				PRODUCT_NAME = "$(TARGET_NAME)";
				SUPPORTED_PLATFORMS = "iphoneos iphonesimulator";
				SUPPORTS_MACCATALYST = NO;
				SUPPORTS_MAC_DESIGNED_FOR_IPHONE_IPAD = NO;
				SWIFT_EMIT_LOC_STRINGS = YES;
				SWIFT_VERSION = 5.0;
				TARGETED_DEVICE_FAMILY = "1,2";
			};
			name = Debug;
		};
		3705619929E9A694007AAB57 /* Release */ = {
			isa = XCBuildConfiguration;
			buildSettings = {
				ASSETCATALOG_COMPILER_APPICON_NAME = AppIcon;
				ASSETCATALOG_COMPILER_GLOBAL_ACCENT_COLOR_NAME = AccentColor;
				CODE_SIGN_STYLE = Automatic;
				CURRENT_PROJECT_VERSION = 1;
				DEVELOPMENT_ASSET_PATHS = "\"Touchdown/Preview Content\"";
				DEVELOPMENT_TEAM = 6R5M5V2582;
				ENABLE_PREVIEWS = YES;
				GENERATE_INFOPLIST_FILE = YES;
				INFOPLIST_FILE = Touchdown/Info.plist;
				INFOPLIST_KEY_UIApplicationSceneManifest_Generation = YES;
				INFOPLIST_KEY_UIApplicationSupportsIndirectInputEvents = YES;
				INFOPLIST_KEY_UISupportedInterfaceOrientations = UIInterfaceOrientationPortrait;
				INFOPLIST_KEY_UISupportedInterfaceOrientations_iPad = "UIInterfaceOrientationLandscapeLeft UIInterfaceOrientationLandscapeRight UIInterfaceOrientationPortrait UIInterfaceOrientationPortraitUpsideDown";
				INFOPLIST_KEY_UIUserInterfaceStyle = Light;
				LD_RUNPATH_SEARCH_PATHS = (
					"$(inherited)",
					"@executable_path/Frameworks",
				);
				MARKETING_VERSION = 1.0;
				PRODUCT_BUNDLE_IDENTIFIER = com.rifqimuhammadaziz.Touchdown;
				PRODUCT_NAME = "$(TARGET_NAME)";
				SUPPORTED_PLATFORMS = "iphoneos iphonesimulator";
				SUPPORTS_MACCATALYST = NO;
				SUPPORTS_MAC_DESIGNED_FOR_IPHONE_IPAD = NO;
				SWIFT_EMIT_LOC_STRINGS = YES;
				SWIFT_VERSION = 5.0;
				TARGETED_DEVICE_FAMILY = "1,2";
			};
			name = Release;
		};
/* End XCBuildConfiguration section */

/* Begin XCConfigurationList section */
		3705618429E9A693007AAB57 /* Build configuration list for PBXProject "Touchdown" */ = {
			isa = XCConfigurationList;
			buildConfigurations = (
				3705619529E9A694007AAB57 /* Debug */,
				3705619629E9A694007AAB57 /* Release */,
			);
			defaultConfigurationIsVisible = 0;
			defaultConfigurationName = Release;
		};
		3705619729E9A694007AAB57 /* Build configuration list for PBXNativeTarget "Touchdown" */ = {
			isa = XCConfigurationList;
			buildConfigurations = (
				3705619829E9A694007AAB57 /* Debug */,
				3705619929E9A694007AAB57 /* Release */,
			);
			defaultConfigurationIsVisible = 0;
			defaultConfigurationName = Release;
		};
/* End XCConfigurationList section */
	};
	rootObject = 3705618129E9A693007AAB57 /* Project object */;
}
